
Microsoft Visual Studio Solution File, Format Version 12.00
# Visual Studio Version 16
VisualStudioVersion = 16.0.30804.86
MinimumVisualStudioVersion = 10.0.40219.1
Project("{9A19103F-16F7-4668-BE54-9A1E7A4F7556}") = "E-Commers", "E-Commers\E-Commers.csproj", "{D957C68F-E3F6-49A0-B272-9F5A5EA8BAFA}"
EndProject
Project("{9A19103F-16F7-4668-BE54-9A1E7A4F7556}") = "Infrastructure", "Infrastructure\Infrastructure.csproj", "{447CD212-59C8-4FA1-B27C-6C4025DDDEDF}"
EndProject
Project("{FAE04EC0-301F-11D3-BF4B-00C04F79EFBC}") = "Domain", "Domain\Domain.csproj", "{575F7A10-EA58-46DD-9C1A-3F52498E1999}"
EndProject
Global
	GlobalSection(SolutionConfigurationPlatforms) = preSolution
		Debug|Any CPU = Debug|Any CPU
		Release|Any CPU = Release|Any CPU
	EndGlobalSection
	GlobalSection(ProjectConfigurationPlatforms) = postSolution
		{D957C68F-E3F6-49A0-B272-9F5A5EA8BAFA}.Debug|Any CPU.ActiveCfg = Debug|Any CPU
		{D957C68F-E3F6-49A0-B272-9F5A5EA8BAFA}.Debug|Any CPU.Build.0 = Debug|Any CPU
		{D957C68F-E3F6-49A0-B272-9F5A5EA8BAFA}.Release|Any CPU.ActiveCfg = Release|Any CPU
		{D957C68F-E3F6-49A0-B272-9F5A5EA8BAFA}.Release|Any CPU.Build.0 = Release|Any CPU
		{447CD212-59C8-4FA1-B27C-6C4025DDDEDF}.Debug|Any CPU.ActiveCfg = Debug|Any CPU
		{447CD212-59C8-4FA1-B27C-6C4025DDDEDF}.Debug|Any CPU.Build.0 = Debug|Any CPU
		{447CD212-59C8-4FA1-B27C-6C4025DDDEDF}.Release|Any CPU.ActiveCfg = Release|Any CPU
		{447CD212-59C8-4FA1-B27C-6C4025DDDEDF}.Release|Any CPU.Build.0 = Release|Any CPU
		{575F7A10-EA58-46DD-9C1A-3F52498E1999}.Debug|Any CPU.ActiveCfg = Debug|Any CPU
		{575F7A10-EA58-46DD-9C1A-3F52498E1999}.Debug|Any CPU.Build.0 = Debug|Any CPU
		{575F7A10-EA58-46DD-9C1A-3F52498E1999}.Release|Any CPU.ActiveCfg = Release|Any CPU
		{575F7A10-EA58-46DD-9C1A-3F52498E1999}.Release|Any CPU.Build.0 = Release|Any CPU
	EndGlobalSection
	GlobalSection(SolutionProperties) = preSolution
		HideSolutionNode = FALSE
	EndGlobalSection
	GlobalSection(ExtensibilityGlobals) = postSolution
		SolutionGuid = {E96A35F4-AE53-4579-AD7E-E5A2C18568D8}
	EndGlobalSection
EndGlobal
